
Microsoft Visual Studio Solution File, Format Version 12.00
# Visual Studio Version 17
VisualStudioVersion = 17.10.35027.167
MinimumVisualStudioVersion = 10.0.40219.1
Project("{9A19103F-16F7-4668-BE54-9A1E7A4F7556}") = "API", "API\API.csproj", "{CAA00C09-D238-4D95-B79A-ED3256E8D677}"
EndProject
Project("{9A19103F-16F7-4668-BE54-9A1E7A4F7556}") = "DataAcess", "DataAcess\DataAcess.csproj", "{376767D9-64A1-4174-BDCF-6C82ACA47F4C}"
EndProject
Project("{FAE04EC0-301F-11D3-BF4B-00C04F79EFBC}") = "Server", "Server\Server.csproj", "{4651DAE5-5E5F-43C5-9F20-6C69249CF367}"
EndProject
Global
	GlobalSection(SolutionConfigurationPlatforms) = preSolution
		Debug|Any CPU = Debug|Any CPU
		Release|Any CPU = Release|Any CPU
	EndGlobalSection
	GlobalSection(ProjectConfigurationPlatforms) = postSolution
		{CAA00C09-D238-4D95-B79A-ED3256E8D677}.Debug|Any CPU.ActiveCfg = Debug|Any CPU
		{CAA00C09-D238-4D95-B79A-ED3256E8D677}.Debug|Any CPU.Build.0 = Debug|Any CPU
		{CAA00C09-D238-4D95-B79A-ED3256E8D677}.Release|Any CPU.ActiveCfg = Release|Any CPU
		{CAA00C09-D238-4D95-B79A-ED3256E8D677}.Release|Any CPU.Build.0 = Release|Any CPU
		{376767D9-64A1-4174-BDCF-6C82ACA47F4C}.Debug|Any CPU.ActiveCfg = Debug|Any CPU
		{376767D9-64A1-4174-BDCF-6C82ACA47F4C}.Debug|Any CPU.Build.0 = Debug|Any CPU
		{376767D9-64A1-4174-BDCF-6C82ACA47F4C}.Release|Any CPU.ActiveCfg = Release|Any CPU
		{376767D9-64A1-4174-BDCF-6C82ACA47F4C}.Release|Any CPU.Build.0 = Release|Any CPU
		{4651DAE5-5E5F-43C5-9F20-6C69249CF367}.Debug|Any CPU.ActiveCfg = Debug|Any CPU
		{4651DAE5-5E5F-43C5-9F20-6C69249CF367}.Debug|Any CPU.Build.0 = Debug|Any CPU
		{4651DAE5-5E5F-43C5-9F20-6C69249CF367}.Release|Any CPU.ActiveCfg = Release|Any CPU
		{4651DAE5-5E5F-43C5-9F20-6C69249CF367}.Release|Any CPU.Build.0 = Release|Any CPU
	EndGlobalSection
	GlobalSection(SolutionProperties) = preSolution
		HideSolutionNode = FALSE
	EndGlobalSection
	GlobalSection(ExtensibilityGlobals) = postSolution
		SolutionGuid = {6D9E2D44-A84A-45D5-9F71-334878F953AE}
	EndGlobalSection
EndGlobal
